
Microsoft Visual Studio Solution File, Format Version 12.00
# Visual Studio Version 16
VisualStudioVersion = 16.0.31025.194
MinimumVisualStudioVersion = 10.0.40219.1
Project("{FAE04EC0-301F-11D3-BF4B-00C04F79EFBC}") = "WpfApp3", "WpfApp3.csproj", "{A130FF3F-395E-496B-A019-F21AFB8AEEF8}"
EndProject
Global
	GlobalSection(SolutionConfigurationPlatforms) = preSolution
		Debug|Any CPU = Debug|Any CPU
		Release|Any CPU = Release|Any CPU
	EndGlobalSection
	GlobalSection(ProjectConfigurationPlatforms) = postSolution
		{A130FF3F-395E-496B-A019-F21AFB8AEEF8}.Debug|Any CPU.ActiveCfg = Debug|Any CPU
		{A130FF3F-395E-496B-A019-F21AFB8AEEF8}.Debug|Any CPU.Build.0 = Debug|Any CPU
		{A130FF3F-395E-496B-A019-F21AFB8AEEF8}.Release|Any CPU.ActiveCfg = Release|Any CPU
		{A130FF3F-395E-496B-A019-F21AFB8AEEF8}.Release|Any CPU.Build.0 = Release|Any CPU
	EndGlobalSection
	GlobalSection(SolutionProperties) = preSolution
		HideSolutionNode = FALSE
	EndGlobalSection
	GlobalSection(ExtensibilityGlobals) = postSolution
		SolutionGuid = {DDD88E0B-699F-4287-89FF-E8A8F0ABD20D}
	EndGlobalSection
EndGlobal
